// !$*UTF8*$!
{
	archiveVersion = 1;
	classes = {
	};
	objectVersion = 56;
	objects = {

/* Begin PBXBuildFile section */
		1BEE150E2C40AB9300B1C5C9 /* FlixtrailApp.swift in Sources */ = {isa = PBXBuildFile; fileRef = 1BEE150D2C40AB9300B1C5C9 /* FlixtrailApp.swift */; };
		1BEE15102C40AB9300B1C5C9 /* ContentView.swift in Sources */ = {isa = PBXBuildFile; fileRef = 1BEE150F2C40AB9300B1C5C9 /* ContentView.swift */; };
		1BEE15122C40AB9800B1C5C9 /* Assets.xcassets in Resources */ = {isa = PBXBuildFile; fileRef = 1BEE15112C40AB9800B1C5C9 /* Assets.xcassets */; };
		1BEE15152C40AB9800B1C5C9 /* Preview Assets.xcassets in Resources */ = {isa = PBXBuildFile; fileRef = 1BEE15142C40AB9800B1C5C9 /* Preview Assets.xcassets */; };
		1BEE151C2C40B23B00B1C5C9 /* VideoRow.swift in Sources */ = {isa = PBXBuildFile; fileRef = 1BEE151B2C40B23B00B1C5C9 /* VideoRow.swift */; };
		1BEE151E2C40B24200B1C5C9 /* VideoList.swift in Sources */ = {isa = PBXBuildFile; fileRef = 1BEE151D2C40B24200B1C5C9 /* VideoList.swift */; };
		1BEE15202C40B25100B1C5C9 /* Video.swift in Sources */ = {isa = PBXBuildFile; fileRef = 1BEE151F2C40B25100B1C5C9 /* Video.swift */; };
		1BEE15222C40B26E00B1C5C9 /* VideoListModel.swift in Sources */ = {isa = PBXBuildFile; fileRef = 1BEE15212C40B26E00B1C5C9 /* VideoListModel.swift */; };
		1BEE15312C4D26A200B1C5C9 /* Network.swift in Sources */ = {isa = PBXBuildFile; fileRef = 1BEE15302C4D26A200B1C5C9 /* Network.swift */; };
		1BEE15332C4D26A700B1C5C9 /* URN.swift in Sources */ = {isa = PBXBuildFile; fileRef = 1BEE15322C4D26A700B1C5C9 /* URN.swift */; };
		1BEE15352C4D26BD00B1C5C9 /* Errors.swift in Sources */ = {isa = PBXBuildFile; fileRef = 1BEE15342C4D26BD00B1C5C9 /* Errors.swift */; };
/* End PBXBuildFile section */

/* Begin PBXFileReference section */
		1BEE150A2C40AB9300B1C5C9 /* Flixtrail.app */ = {isa = PBXFileReference; explicitFileType = wrapper.application; includeInIndex = 0; path = Flixtrail.app; sourceTree = BUILT_PRODUCTS_DIR; };
		1BEE150D2C40AB9300B1C5C9 /* FlixtrailApp.swift */ = {isa = PBXFileReference; lastKnownFileType = sourcecode.swift; path = FlixtrailApp.swift; sourceTree = "<group>"; };
		1BEE150F2C40AB9300B1C5C9 /* ContentView.swift */ = {isa = PBXFileReference; lastKnownFileType = sourcecode.swift; path = ContentView.swift; sourceTree = "<group>"; };
		1BEE15112C40AB9800B1C5C9 /* Assets.xcassets */ = {isa = PBXFileReference; lastKnownFileType = folder.assetcatalog; path = Assets.xcassets; sourceTree = "<group>"; };
		1BEE15142C40AB9800B1C5C9 /* Preview Assets.xcassets */ = {isa = PBXFileReference; lastKnownFileType = folder.assetcatalog; path = "Preview Assets.xcassets"; sourceTree = "<group>"; };
		1BEE151B2C40B23B00B1C5C9 /* VideoRow.swift */ = {isa = PBXFileReference; lastKnownFileType = sourcecode.swift; path = VideoRow.swift; sourceTree = "<group>"; };
		1BEE151D2C40B24200B1C5C9 /* VideoList.swift */ = {isa = PBXFileReference; lastKnownFileType = sourcecode.swift; path = VideoList.swift; sourceTree = "<group>"; };
		1BEE151F2C40B25100B1C5C9 /* Video.swift */ = {isa = PBXFileReference; lastKnownFileType = sourcecode.swift; path = Video.swift; sourceTree = "<group>"; };
		1BEE15212C40B26E00B1C5C9 /* VideoListModel.swift */ = {isa = PBXFileReference; lastKnownFileType = sourcecode.swift; path = VideoListModel.swift; sourceTree = "<group>"; };
		1BEE15302C4D26A200B1C5C9 /* Network.swift */ = {isa = PBXFileReference; lastKnownFileType = sourcecode.swift; path = Network.swift; sourceTree = "<group>"; };
		1BEE15322C4D26A700B1C5C9 /* URN.swift */ = {isa = PBXFileReference; lastKnownFileType = sourcecode.swift; path = URN.swift; sourceTree = "<group>"; };
		1BEE15342C4D26BD00B1C5C9 /* Errors.swift */ = {isa = PBXFileReference; lastKnownFileType = sourcecode.swift; path = Errors.swift; sourceTree = "<group>"; };
/* End PBXFileReference section */

/* Begin PBXFrameworksBuildPhase section */
		1BEE15072C40AB9300B1C5C9 /* Frameworks */ = {
			isa = PBXFrameworksBuildPhase;
			buildActionMask = 2147483647;
			files = (
			);
			runOnlyForDeploymentPostprocessing = 0;
		};
/* End PBXFrameworksBuildPhase section */

/* Begin PBXGroup section */
		1BEE15012C40AB9300B1C5C9 = {
			isa = PBXGroup;
			children = (
				1BEE150C2C40AB9300B1C5C9 /* Flixtrail */,
				1BEE150B2C40AB9300B1C5C9 /* Products */,
			);
			sourceTree = "<group>";
		};
		1BEE150B2C40AB9300B1C5C9 /* Products */ = {
			isa = PBXGroup;
			children = (
				1BEE150A2C40AB9300B1C5C9 /* Flixtrail.app */,
			);
			name = Products;
			sourceTree = "<group>";
		};
		1BEE150C2C40AB9300B1C5C9 /* Flixtrail */ = {
			isa = PBXGroup;
			children = (
				1BEE150D2C40AB9300B1C5C9 /* FlixtrailApp.swift */,
				1BEE152F2C4D263500B1C5C9 /* Resource */,
				1BEE152E2C4D263000B1C5C9 /* Common */,
				1BEE152D2C4D262700B1C5C9 /* Network */,
				1BEE152C2C4D261D00B1C5C9 /* Utility */,
				1BEE152B2C4D261600B1C5C9 /* Feature */,
				1BEE151B2C40B23B00B1C5C9 /* VideoRow.swift */,
				1BEE151D2C40B24200B1C5C9 /* VideoList.swift */,
				1BEE151F2C40B25100B1C5C9 /* Video.swift */,
				1BEE15212C40B26E00B1C5C9 /* VideoListModel.swift */,
				1BEE150F2C40AB9300B1C5C9 /* ContentView.swift */,
				1BEE15112C40AB9800B1C5C9 /* Assets.xcassets */,
				1BEE15132C40AB9800B1C5C9 /* Preview Content */,
			);
			path = Flixtrail;
			sourceTree = "<group>";
		};
		1BEE15132C40AB9800B1C5C9 /* Preview Content */ = {
			isa = PBXGroup;
			children = (
				1BEE15142C40AB9800B1C5C9 /* Preview Assets.xcassets */,
			);
			path = "Preview Content";
			sourceTree = "<group>";
		};
		1BEE152B2C4D261600B1C5C9 /* Feature */ = {
			isa = PBXGroup;
			children = (
			);
			path = Feature;
			sourceTree = "<group>";
		};
		1BEE152C2C4D261D00B1C5C9 /* Utility */ = {
			isa = PBXGroup;
			children = (
			);
			path = Utility;
			sourceTree = "<group>";
		};
		1BEE152D2C4D262700B1C5C9 /* Network */ = {
			isa = PBXGroup;
			children = (
				1BEE15302C4D26A200B1C5C9 /* Network.swift */,
				1BEE15322C4D26A700B1C5C9 /* URN.swift */,
				1BEE15342C4D26BD00B1C5C9 /* Errors.swift */,
			);
			path = Network;
			sourceTree = "<group>";
		};
		1BEE152E2C4D263000B1C5C9 /* Common */ = {
			isa = PBXGroup;
			children = (
			);
			path = Common;
			sourceTree = "<group>";
		};
		1BEE152F2C4D263500B1C5C9 /* Resource */ = {
			isa = PBXGroup;
			children = (
			);
			path = Resource;
			sourceTree = "<group>";
		};
/* End PBXGroup section */

/* Begin PBXNativeTarget section */
		1BEE15092C40AB9300B1C5C9 /* Flixtrail */ = {
			isa = PBXNativeTarget;
			buildConfigurationList = 1BEE15182C40AB9800B1C5C9 /* Build configuration list for PBXNativeTarget "Flixtrail" */;
			buildPhases = (
				1BEE15062C40AB9300B1C5C9 /* Sources */,
				1BEE15072C40AB9300B1C5C9 /* Frameworks */,
				1BEE15082C40AB9300B1C5C9 /* Resources */,
			);
			buildRules = (
			);
			dependencies = (
			);
			name = Flixtrail;
			productName = Flixtrail;
			productReference = 1BEE150A2C40AB9300B1C5C9 /* Flixtrail.app */;
			productType = "com.apple.product-type.application";
		};
/* End PBXNativeTarget section */

/* Begin PBXProject section */
		1BEE15022C40AB9300B1C5C9 /* Project object */ = {
			isa = PBXProject;
			attributes = {
				BuildIndependentTargetsInParallel = 1;
				LastSwiftUpdateCheck = 1530;
				LastUpgradeCheck = 1530;
				TargetAttributes = {
					1BEE15092C40AB9300B1C5C9 = {
						CreatedOnToolsVersion = 15.3;
					};
				};
			};
			buildConfigurationList = 1BEE15052C40AB9300B1C5C9 /* Build configuration list for PBXProject "Flixtrail" */;
			compatibilityVersion = "Xcode 14.0";
			developmentRegion = en;
			hasScannedForEncodings = 0;
			knownRegions = (
				en,
				Base,
			);
			mainGroup = 1BEE15012C40AB9300B1C5C9;
			productRefGroup = 1BEE150B2C40AB9300B1C5C9 /* Products */;
			projectDirPath = "";
			projectRoot = "";
			targets = (
				1BEE15092C40AB9300B1C5C9 /* Flixtrail */,
			);
		};
/* End PBXProject section */

/* Begin PBXResourcesBuildPhase section */
		1BEE15082C40AB9300B1C5C9 /* Resources */ = {
			isa = PBXResourcesBuildPhase;
			buildActionMask = 2147483647;
			files = (
				1BEE15152C40AB9800B1C5C9 /* Preview Assets.xcassets in Resources */,
				1BEE15122C40AB9800B1C5C9 /* Assets.xcassets in Resources */,
			);
			runOnlyForDeploymentPostprocessing = 0;
		};
/* End PBXResourcesBuildPhase section */

/* Begin PBXSourcesBuildPhase section */
		1BEE15062C40AB9300B1C5C9 /* Sources */ = {
			isa = PBXSourcesBuildPhase;
			buildActionMask = 2147483647;
			files = (
				1BEE15102C40AB9300B1C5C9 /* ContentView.swift in Sources */,
				1BEE15332C4D26A700B1C5C9 /* URN.swift in Sources */,
				1BEE151E2C40B24200B1C5C9 /* VideoList.swift in Sources */,
				1BEE151C2C40B23B00B1C5C9 /* VideoRow.swift in Sources */,
				1BEE150E2C40AB9300B1C5C9 /* FlixtrailApp.swift in Sources */,
				1BEE15202C40B25100B1C5C9 /* Video.swift in Sources */,
				1BEE15312C4D26A200B1C5C9 /* Network.swift in Sources */,
				1BEE15352C4D26BD00B1C5C9 /* Errors.swift in Sources */,
				1BEE15222C40B26E00B1C5C9 /* VideoListModel.swift in Sources */,
			);
			runOnlyForDeploymentPostprocessing = 0;
		};
/* End PBXSourcesBuildPhase section */

/* Begin XCBuildConfiguration section */
		1BEE15162C40AB9800B1C5C9 /* Debug */ = {
			isa = XCBuildConfiguration;
			buildSettings = {
				ALWAYS_SEARCH_USER_PATHS = NO;
				ASSETCATALOG_COMPILER_GENERATE_SWIFT_ASSET_SYMBOL_EXTENSIONS = YES;
				CLANG_ANALYZER_NONNULL = YES;
				CLANG_ANALYZER_NUMBER_OBJECT_CONVERSION = YES_AGGRESSIVE;
				CLANG_CXX_LANGUAGE_STANDARD = "gnu++20";
				CLANG_ENABLE_MODULES = YES;
				CLANG_ENABLE_OBJC_ARC = YES;
				CLANG_ENABLE_OBJC_WEAK = YES;
				CLANG_WARN_BLOCK_CAPTURE_AUTORELEASING = YES;
				CLANG_WARN_BOOL_CONVERSION = YES;
				CLANG_WARN_COMMA = YES;
				CLANG_WARN_CONSTANT_CONVERSION = YES;
				CLANG_WARN_DEPRECATED_OBJC_IMPLEMENTATIONS = YES;
				CLANG_WARN_DIRECT_OBJC_ISA_USAGE = YES_ERROR;
				CLANG_WARN_DOCUMENTATION_COMMENTS = YES;
				CLANG_WARN_EMPTY_BODY = YES;
				CLANG_WARN_ENUM_CONVERSION = YES;
				CLANG_WARN_INFINITE_RECURSION = YES;
				CLANG_WARN_INT_CONVERSION = YES;
				CLANG_WARN_NON_LITERAL_NULL_CONVERSION = YES;
				CLANG_WARN_OBJC_IMPLICIT_RETAIN_SELF = YES;
				CLANG_WARN_OBJC_LITERAL_CONVERSION = YES;
				CLANG_WARN_OBJC_ROOT_CLASS = YES_ERROR;
				CLANG_WARN_QUOTED_INCLUDE_IN_FRAMEWORK_HEADER = YES;
				CLANG_WARN_RANGE_LOOP_ANALYSIS = YES;
				CLANG_WARN_STRICT_PROTOTYPES = YES;
				CLANG_WARN_SUSPICIOUS_MOVE = YES;
				CLANG_WARN_UNGUARDED_AVAILABILITY = YES_AGGRESSIVE;
				CLANG_WARN_UNREACHABLE_CODE = YES;
				CLANG_WARN__DUPLICATE_METHOD_MATCH = YES;
				COPY_PHASE_STRIP = NO;
				DEBUG_INFORMATION_FORMAT = dwarf;
				ENABLE_STRICT_OBJC_MSGSEND = YES;
				ENABLE_TESTABILITY = YES;
				ENABLE_USER_SCRIPT_SANDBOXING = YES;
				GCC_C_LANGUAGE_STANDARD = gnu17;
				GCC_DYNAMIC_NO_PIC = NO;
				GCC_NO_COMMON_BLOCKS = YES;
				GCC_OPTIMIZATION_LEVEL = 0;
				GCC_PREPROCESSOR_DEFINITIONS = (
					"DEBUG=1",
					"$(inherited)",
				);
				GCC_WARN_64_TO_32_BIT_CONVERSION = YES;
				GCC_WARN_ABOUT_RETURN_TYPE = YES_ERROR;
				GCC_WARN_UNDECLARED_SELECTOR = YES;
				GCC_WARN_UNINITIALIZED_AUTOS = YES_AGGRESSIVE;
				GCC_WARN_UNUSED_FUNCTION = YES;
				GCC_WARN_UNUSED_VARIABLE = YES;
				IPHONEOS_DEPLOYMENT_TARGET = 17.4;
				LOCALIZATION_PREFERS_STRING_CATALOGS = YES;
				MTL_ENABLE_DEBUG_INFO = INCLUDE_SOURCE;
				MTL_FAST_MATH = YES;
				ONLY_ACTIVE_ARCH = YES;
				SDKROOT = iphoneos;
				SWIFT_ACTIVE_COMPILATION_CONDITIONS = "DEBUG $(inherited)";
				SWIFT_OPTIMIZATION_LEVEL = "-Onone";
			};
			name = Debug;
		};
		1BEE15172C40AB9800B1C5C9 /* Release */ = {
			isa = XCBuildConfiguration;
			buildSettings = {
				ALWAYS_SEARCH_USER_PATHS = NO;
				ASSETCATALOG_COMPILER_GENERATE_SWIFT_ASSET_SYMBOL_EXTENSIONS = YES;
				CLANG_ANALYZER_NONNULL = YES;
				CLANG_ANALYZER_NUMBER_OBJECT_CONVERSION = YES_AGGRESSIVE;
				CLANG_CXX_LANGUAGE_STANDARD = "gnu++20";
				CLANG_ENABLE_MODULES = YES;
				CLANG_ENABLE_OBJC_ARC = YES;
				CLANG_ENABLE_OBJC_WEAK = YES;
				CLANG_WARN_BLOCK_CAPTURE_AUTORELEASING = YES;
				CLANG_WARN_BOOL_CONVERSION = YES;
				CLANG_WARN_COMMA = YES;
				CLANG_WARN_CONSTANT_CONVERSION = YES;
				CLANG_WARN_DEPRECATED_OBJC_IMPLEMENTATIONS = YES;
				CLANG_WARN_DIRECT_OBJC_ISA_USAGE = YES_ERROR;
				CLANG_WARN_DOCUMENTATION_COMMENTS = YES;
				CLANG_WARN_EMPTY_BODY = YES;
				CLANG_WARN_ENUM_CONVERSION = YES;
				CLANG_WARN_INFINITE_RECURSION = YES;
				CLANG_WARN_INT_CONVERSION = YES;
				CLANG_WARN_NON_LITERAL_NULL_CONVERSION = YES;
				CLANG_WARN_OBJC_IMPLICIT_RETAIN_SELF = YES;
				CLANG_WARN_OBJC_LITERAL_CONVERSION = YES;
				CLANG_WARN_OBJC_ROOT_CLASS = YES_ERROR;
				CLANG_WARN_QUOTED_INCLUDE_IN_FRAMEWORK_HEADER = YES;
				CLANG_WARN_RANGE_LOOP_ANALYSIS = YES;
				CLANG_WARN_STRICT_PROTOTYPES = YES;
				CLANG_WARN_SUSPICIOUS_MOVE = YES;
				CLANG_WARN_UNGUARDED_AVAILABILITY = YES_AGGRESSIVE;
				CLANG_WARN_UNREACHABLE_CODE = YES;
				CLANG_WARN__DUPLICATE_METHOD_MATCH = YES;
				COPY_PHASE_STRIP = NO;
				DEBUG_INFORMATION_FORMAT = "dwarf-with-dsym";
				ENABLE_NS_ASSERTIONS = NO;
				ENABLE_STRICT_OBJC_MSGSEND = YES;
				ENABLE_USER_SCRIPT_SANDBOXING = YES;
				GCC_C_LANGUAGE_STANDARD = gnu17;
				GCC_NO_COMMON_BLOCKS = YES;
				GCC_WARN_64_TO_32_BIT_CONVERSION = YES;
				GCC_WARN_ABOUT_RETURN_TYPE = YES_ERROR;
				GCC_WARN_UNDECLARED_SELECTOR = YES;
				GCC_WARN_UNINITIALIZED_AUTOS = YES_AGGRESSIVE;
				GCC_WARN_UNUSED_FUNCTION = YES;
				GCC_WARN_UNUSED_VARIABLE = YES;
				IPHONEOS_DEPLOYMENT_TARGET = 17.4;
				LOCALIZATION_PREFERS_STRING_CATALOGS = YES;
				MTL_ENABLE_DEBUG_INFO = NO;
				MTL_FAST_MATH = YES;
				SDKROOT = iphoneos;
				SWIFT_COMPILATION_MODE = wholemodule;
				VALIDATE_PRODUCT = YES;
			};
			name = Release;
		};
		1BEE15192C40AB9800B1C5C9 /* Debug */ = {
			isa = XCBuildConfiguration;
			buildSettings = {
				ASSETCATALOG_COMPILER_APPICON_NAME = AppIcon;
				ASSETCATALOG_COMPILER_GLOBAL_ACCENT_COLOR_NAME = AccentColor;
				CODE_SIGN_STYLE = Automatic;
				CURRENT_PROJECT_VERSION = 1;
				DEVELOPMENT_ASSET_PATHS = "\"Flixtrail/Preview Content\"";
				DEVELOPMENT_TEAM = 9F2DK4F8LR;
				ENABLE_PREVIEWS = YES;
				GENERATE_INFOPLIST_FILE = YES;
				INFOPLIST_KEY_UIApplicationSceneManifest_Generation = YES;
				INFOPLIST_KEY_UIApplicationSupportsIndirectInputEvents = YES;
				INFOPLIST_KEY_UILaunchScreen_Generation = YES;
				INFOPLIST_KEY_UISupportedInterfaceOrientations_iPad = "UIInterfaceOrientationPortrait UIInterfaceOrientationPortraitUpsideDown UIInterfaceOrientationLandscapeLeft UIInterfaceOrientationLandscapeRight";
				INFOPLIST_KEY_UISupportedInterfaceOrientations_iPhone = "UIInterfaceOrientationPortrait UIInterfaceOrientationLandscapeLeft UIInterfaceOrientationLandscapeRight";
				LD_RUNPATH_SEARCH_PATHS = (
					"$(inherited)",
					"@executable_path/Frameworks",
				);
				MARKETING_VERSION = 1.0;
				PRODUCT_BUNDLE_IDENTIFIER = com.devsagar.practice.nav.Flixtrail;
				PRODUCT_NAME = "$(TARGET_NAME)";
				SWIFT_EMIT_LOC_STRINGS = YES;
				SWIFT_VERSION = 5.0;
				TARGETED_DEVICE_FAMILY = "1,2";
			};
			name = Debug;
		};
		1BEE151A2C40AB9800B1C5C9 /* Release */ = {
			isa = XCBuildConfiguration;
			buildSettings = {
				ASSETCATALOG_COMPILER_APPICON_NAME = AppIcon;
				ASSETCATALOG_COMPILER_GLOBAL_ACCENT_COLOR_NAME = AccentColor;
				CODE_SIGN_STYLE = Automatic;
				CURRENT_PROJECT_VERSION = 1;
				DEVELOPMENT_ASSET_PATHS = "\"Flixtrail/Preview Content\"";
				DEVELOPMENT_TEAM = 9F2DK4F8LR;
				ENABLE_PREVIEWS = YES;
				GENERATE_INFOPLIST_FILE = YES;
				INFOPLIST_KEY_UIApplicationSceneManifest_Generation = YES;
				INFOPLIST_KEY_UIApplicationSupportsIndirectInputEvents = YES;
				INFOPLIST_KEY_UILaunchScreen_Generation = YES;
				INFOPLIST_KEY_UISupportedInterfaceOrientations_iPad = "UIInterfaceOrientationPortrait UIInterfaceOrientationPortraitUpsideDown UIInterfaceOrientationLandscapeLeft UIInterfaceOrientationLandscapeRight";
				INFOPLIST_KEY_UISupportedInterfaceOrientations_iPhone = "UIInterfaceOrientationPortrait UIInterfaceOrientationLandscapeLeft UIInterfaceOrientationLandscapeRight";
				LD_RUNPATH_SEARCH_PATHS = (
					"$(inherited)",
					"@executable_path/Frameworks",
				);
				MARKETING_VERSION = 1.0;
				PRODUCT_BUNDLE_IDENTIFIER = com.devsagar.practice.nav.Flixtrail;
				PRODUCT_NAME = "$(TARGET_NAME)";
				SWIFT_EMIT_LOC_STRINGS = YES;
				SWIFT_VERSION = 5.0;
				TARGETED_DEVICE_FAMILY = "1,2";
			};
			name = Release;
		};
/* End XCBuildConfiguration section */

/* Begin XCConfigurationList section */
		1BEE15052C40AB9300B1C5C9 /* Build configuration list for PBXProject "Flixtrail" */ = {
			isa = XCConfigurationList;
			buildConfigurations = (
				1BEE15162C40AB9800B1C5C9 /* Debug */,
				1BEE15172C40AB9800B1C5C9 /* Release */,
			);
			defaultConfigurationIsVisible = 0;
			defaultConfigurationName = Release;
		};
		1BEE15182C40AB9800B1C5C9 /* Build configuration list for PBXNativeTarget "Flixtrail" */ = {
			isa = XCConfigurationList;
			buildConfigurations = (
				1BEE15192C40AB9800B1C5C9 /* Debug */,
				1BEE151A2C40AB9800B1C5C9 /* Release */,
			);
			defaultConfigurationIsVisible = 0;
			defaultConfigurationName = Release;
		};
/* End XCConfigurationList section */
	};
	rootObject = 1BEE15022C40AB9300B1C5C9 /* Project object */;
}
